
Microsoft Visual Studio Solution File, Format Version 12.00
# Visual Studio 14
VisualStudioVersion = 14.0.25420.1
MinimumVisualStudioVersion = 10.0.40219.1
Project("{8BC9CEB8-8B4A-11D0-8D11-00A0C91BC942}") = "Win32Project2", "..\Win32Project2\Win32Project2\Win32Project2.vcxproj", "{A394DB06-A605-48A0-AF77-E38A37AD0309}"
EndProject
Project("{8BC9CEB8-8B4A-11D0-8D11-00A0C91BC942}") = "SINGLE", "SINGLE\SINGLE.vcxproj", "{1CCC9C05-F54D-4587-B5EA-B17E3C260E91}"
EndProject
Project("{8BC9CEB8-8B4A-11D0-8D11-00A0C91BC942}") = "Example43", "Example43\Example43.vcxproj", "{3B7C8E74-4F07-4F55-AF43-DD8C701DCFF8}"
EndProject
Project("{8BC9CEB8-8B4A-11D0-8D11-00A0C91BC942}") = "Ribbon", "Ribbon\Ribbon.vcxproj", "{33C9F1AB-718B-466B-BC40-1BCA7F2D6A82}"
EndProject
Project("{8BC9CEB8-8B4A-11D0-8D11-00A0C91BC942}") = "Additions", "Additions\Additions.vcxproj", "{1D6F05CD-6E1E-44A0-B015-6CE57F5EDB48}"
EndProject
Project("{8BC9CEB8-8B4A-11D0-8D11-00A0C91BC942}") = "s2", "..\s2\s2\s2.vcxproj", "{0DDF31C3-21E5-4E3A-8215-EA3112A64862}"
EndProject
Global
	GlobalSection(SolutionConfigurationPlatforms) = preSolution
		Debug|x64 = Debug|x64
		Debug|x86 = Debug|x86
		Release|x64 = Release|x64
		Release|x86 = Release|x86
	EndGlobalSection
	GlobalSection(ProjectConfigurationPlatforms) = postSolution
		{A394DB06-A605-48A0-AF77-E38A37AD0309}.Debug|x64.ActiveCfg = Debug|x64
		{A394DB06-A605-48A0-AF77-E38A37AD0309}.Debug|x64.Build.0 = Debug|x64
		{A394DB06-A605-48A0-AF77-E38A37AD0309}.Debug|x86.ActiveCfg = Debug|Win32
		{A394DB06-A605-48A0-AF77-E38A37AD0309}.Debug|x86.Build.0 = Debug|Win32
		{A394DB06-A605-48A0-AF77-E38A37AD0309}.Release|x64.ActiveCfg = Release|x64
		{A394DB06-A605-48A0-AF77-E38A37AD0309}.Release|x64.Build.0 = Release|x64
		{A394DB06-A605-48A0-AF77-E38A37AD0309}.Release|x86.ActiveCfg = Release|Win32
		{A394DB06-A605-48A0-AF77-E38A37AD0309}.Release|x86.Build.0 = Release|Win32
		{1CCC9C05-F54D-4587-B5EA-B17E3C260E91}.Debug|x64.ActiveCfg = Debug|x64
		{1CCC9C05-F54D-4587-B5EA-B17E3C260E91}.Debug|x64.Build.0 = Debug|x64
		{1CCC9C05-F54D-4587-B5EA-B17E3C260E91}.Debug|x86.ActiveCfg = Debug|Win32
		{1CCC9C05-F54D-4587-B5EA-B17E3C260E91}.Debug|x86.Build.0 = Debug|Win32
		{1CCC9C05-F54D-4587-B5EA-B17E3C260E91}.Release|x64.ActiveCfg = Release|x64
		{1CCC9C05-F54D-4587-B5EA-B17E3C260E91}.Release|x64.Build.0 = Release|x64
		{1CCC9C05-F54D-4587-B5EA-B17E3C260E91}.Release|x86.ActiveCfg = Release|Win32
		{1CCC9C05-F54D-4587-B5EA-B17E3C260E91}.Release|x86.Build.0 = Release|Win32
		{3B7C8E74-4F07-4F55-AF43-DD8C701DCFF8}.Debug|x64.ActiveCfg = Debug|x64
		{3B7C8E74-4F07-4F55-AF43-DD8C701DCFF8}.Debug|x64.Build.0 = Debug|x64
		{3B7C8E74-4F07-4F55-AF43-DD8C701DCFF8}.Debug|x86.ActiveCfg = Debug|Win32
		{3B7C8E74-4F07-4F55-AF43-DD8C701DCFF8}.Debug|x86.Build.0 = Debug|Win32
		{3B7C8E74-4F07-4F55-AF43-DD8C701DCFF8}.Release|x64.ActiveCfg = Release|x64
		{3B7C8E74-4F07-4F55-AF43-DD8C701DCFF8}.Release|x64.Build.0 = Release|x64
		{3B7C8E74-4F07-4F55-AF43-DD8C701DCFF8}.Release|x86.ActiveCfg = Release|Win32
		{3B7C8E74-4F07-4F55-AF43-DD8C701DCFF8}.Release|x86.Build.0 = Release|Win32
		{33C9F1AB-718B-466B-BC40-1BCA7F2D6A82}.Debug|x64.ActiveCfg = Debug|x64
		{33C9F1AB-718B-466B-BC40-1BCA7F2D6A82}.Debug|x64.Build.0 = Debug|x64
		{33C9F1AB-718B-466B-BC40-1BCA7F2D6A82}.Debug|x86.ActiveCfg = Debug|Win32
		{33C9F1AB-718B-466B-BC40-1BCA7F2D6A82}.Debug|x86.Build.0 = Debug|Win32
		{33C9F1AB-718B-466B-BC40-1BCA7F2D6A82}.Release|x64.ActiveCfg = Release|x64
		{33C9F1AB-718B-466B-BC40-1BCA7F2D6A82}.Release|x64.Build.0 = Release|x64
		{33C9F1AB-718B-466B-BC40-1BCA7F2D6A82}.Release|x86.ActiveCfg = Release|Win32
		{33C9F1AB-718B-466B-BC40-1BCA7F2D6A82}.Release|x86.Build.0 = Release|Win32
		{1D6F05CD-6E1E-44A0-B015-6CE57F5EDB48}.Debug|x64.ActiveCfg = Debug|x64
		{1D6F05CD-6E1E-44A0-B015-6CE57F5EDB48}.Debug|x64.Build.0 = Debug|x64
		{1D6F05CD-6E1E-44A0-B015-6CE57F5EDB48}.Debug|x86.ActiveCfg = Debug|Win32
		{1D6F05CD-6E1E-44A0-B015-6CE57F5EDB48}.Debug|x86.Build.0 = Debug|Win32
		{1D6F05CD-6E1E-44A0-B015-6CE57F5EDB48}.Release|x64.ActiveCfg = Release|x64
		{1D6F05CD-6E1E-44A0-B015-6CE57F5EDB48}.Release|x64.Build.0 = Release|x64
		{1D6F05CD-6E1E-44A0-B015-6CE57F5EDB48}.Release|x86.ActiveCfg = Release|Win32
		{1D6F05CD-6E1E-44A0-B015-6CE57F5EDB48}.Release|x86.Build.0 = Release|Win32
		{0DDF31C3-21E5-4E3A-8215-EA3112A64862}.Debug|x64.ActiveCfg = Debug|x64
		{0DDF31C3-21E5-4E3A-8215-EA3112A64862}.Debug|x64.Build.0 = Debug|x64
		{0DDF31C3-21E5-4E3A-8215-EA3112A64862}.Debug|x86.ActiveCfg = Debug|Win32
		{0DDF31C3-21E5-4E3A-8215-EA3112A64862}.Debug|x86.Build.0 = Debug|Win32
		{0DDF31C3-21E5-4E3A-8215-EA3112A64862}.Release|x64.ActiveCfg = Release|x64
		{0DDF31C3-21E5-4E3A-8215-EA3112A64862}.Release|x64.Build.0 = Release|x64
		{0DDF31C3-21E5-4E3A-8215-EA3112A64862}.Release|x86.ActiveCfg = Release|Win32
		{0DDF31C3-21E5-4E3A-8215-EA3112A64862}.Release|x86.Build.0 = Release|Win32
	EndGlobalSection
	GlobalSection(SolutionProperties) = preSolution
		HideSolutionNode = FALSE
	EndGlobalSection
EndGlobal
